
Microsoft Visual Studio Solution File, Format Version 12.00
# Visual Studio Version 16
VisualStudioVersion = 16.0.31205.134
MinimumVisualStudioVersion = 10.0.40219.1
Project("{FAE04EC0-301F-11D3-BF4B-00C04F79EFBC}") = "CHIA_PLOT", "CHIA_PLOT\CHIA_PLOT.csproj", "{5D0B808D-5A0C-4F08-8402-F7A0C6829795}"
EndProject
Global
	GlobalSection(SolutionConfigurationPlatforms) = preSolution
		Debug|Any CPU = Debug|Any CPU
		Release|Any CPU = Release|Any CPU
	EndGlobalSection
	GlobalSection(ProjectConfigurationPlatforms) = postSolution
		{5D0B808D-5A0C-4F08-8402-F7A0C6829795}.Debug|Any CPU.ActiveCfg = Debug|Any CPU
		{5D0B808D-5A0C-4F08-8402-F7A0C6829795}.Debug|Any CPU.Build.0 = Debug|Any CPU
		{5D0B808D-5A0C-4F08-8402-F7A0C6829795}.Release|Any CPU.ActiveCfg = Release|Any CPU
		{5D0B808D-5A0C-4F08-8402-F7A0C6829795}.Release|Any CPU.Build.0 = Release|Any CPU
	EndGlobalSection
	GlobalSection(SolutionProperties) = preSolution
		HideSolutionNode = FALSE
	EndGlobalSection
	GlobalSection(ExtensibilityGlobals) = postSolution
		SolutionGuid = {E4D12041-4C0F-4F7F-8556-7CF144A356A8}
	EndGlobalSection
EndGlobal
